<?xml version="1.0" encoding="utf-8"?>
<Project ToolsVersion="4.0" xmlns="http://schemas.microsoft.com/developer/msbuild/2003">
  <ItemGroup>
    <Filter Include="Source">
      <UniqueIdentifier>{4FC737F1-C7A5-4376-A066-2A32D752A2FF}</UniqueIdentifier>
      <Extensions>cpp;c;cc;cxx;def;odl;idl;hpj;bat;asm;asmx</Extensions>
    </Filter>
    <Filter Include="Headers">
      <UniqueIdentifier>{09a8a2aa-6277-49bc-bb28-4446ac81fb47}</UniqueIdentifier>
    </Filter>
  </ItemGroup>
  <ItemGroup>
    <ClCompile Include="utils.cpp">
      <Filter>Source</Filter>
    </ClCompile>
    <ClCompile Include="driver.cpp">
      <Filter>Source</Filter>
    </ClCompile>
    <ClCompile Include="math.cpp">
      <Filter>Source</Filter>
    </ClCompile>
    <ClCompile Include="DirectX.cpp">
      <Filter>Source</Filter>
    </ClCompile>
    <ClCompile Include="overlay.cpp">
      <Filter>Source</Filter>
    </ClCompile>
    <ClCompile Include="main.cpp">
      <Filter>Source</Filter>
    </ClCompile>
    <ClCompile Include="Game.cpp">
      <Filter>Source</Filter>
    </ClCompile>
  </ItemGroup>
  <ItemGroup>
    <ClInclude Include="driver.h">
      <Filter>Headers</Filter>
    </ClInclude>
    <ClInclude Include="math.h">
      <Filter>Headers</Filter>
    </ClInclude>
    <ClInclude Include="server_shared.h">
      <Filter>Headers</Filter>
    </ClInclude>
    <ClInclude Include="vector.h">
      <Filter>Headers</Filter>
    </ClInclude>
    <ClInclude Include="utils.h">
      <Filter>Headers</Filter>
    </ClInclude>
    <ClInclude Include="DirectX.h">
      <Filter>Headers</Filter>
    </ClInclude>
    <ClInclude Include="overlay.h">
      <Filter>Headers</Filter>
    </ClInclude>
    <ClInclude Include="offsets.h">
      <Filter>Headers</Filter>
    </ClInclude>
    <ClInclude Include="main.h">
      <Filter>Headers</Filter>
    </ClInclude>
    <ClInclude Include="junk.h">
      <Filter>Headers</Filter>
    </ClInclude>
    <ClInclude Include="log.h">
      <Filter>Headers</Filter>
    </ClInclude>
    <ClInclude Include="custom_structs.h">
      <Filter>Headers</Filter>
    </ClInclude>
    <ClInclude Include="Game.h">
      <Filter>Headers</Filter>
    </ClInclude>
  </ItemGroup>
</Project>